
Microsoft Visual Studio Solution File, Format Version 12.00
# Visual Studio Version 16
VisualStudioVersion = 16.0.30330.147
MinimumVisualStudioVersion = 10.0.40219.1
Project("{2150E333-8FDC-42A3-9474-1A3956D46DE8}") = "Component", "Component", "{FE43E4AA-8C39-4EC4-9675-F1C6E97A265B}"
EndProject
Project("{2150E333-8FDC-42A3-9474-1A3956D46DE8}") = "Account", "Account", "{FFFD4998-8638-4531-B1AB-FDD7F9803F17}"
EndProject
Project("{9A19103F-16F7-4668-BE54-9A1E7A4F7556}") = "AccountResourceAccess", "Component\Account\AccountResourceAccess\AccountResourceAccess.csproj", "{1A215119-B96A-48F1-A8AF-0016649C897E}"
EndProject
Project("{9A19103F-16F7-4668-BE54-9A1E7A4F7556}") = "AccountApi", "Component\Account\AccountApi\AccountApi.csproj", "{E2809BCE-6752-48BD-81A4-D65F2BE8F289}"
EndProject
Project("{9A19103F-16F7-4668-BE54-9A1E7A4F7556}") = "AccountManager", "Component\Account\AccountManager\AccountManager.csproj", "{875C6086-BA5B-4A19-AC64-5F7996682A17}"
EndProject
Project("{2150E333-8FDC-42A3-9474-1A3956D46DE8}") = "Product", "Product", "{C4889F60-AE75-495C-AAB0-4DC5B1C01955}"
EndProject
Project("{9A19103F-16F7-4668-BE54-9A1E7A4F7556}") = "ProductApi", "Component\Product\ProductApi\ProductApi.csproj", "{F2D1A3B5-94AD-4653-ACEF-BCA3A54C3CF8}"
EndProject
Project("{2150E333-8FDC-42A3-9474-1A3956D46DE8}") = "Angular", "Angular", "{133BF95D-629E-426C-AB90-B067EA24C74D}"
EndProject
Global
	GlobalSection(SolutionConfigurationPlatforms) = preSolution
		Debug|Any CPU = Debug|Any CPU
		Release|Any CPU = Release|Any CPU
	EndGlobalSection
	GlobalSection(ProjectConfigurationPlatforms) = postSolution
		{1A215119-B96A-48F1-A8AF-0016649C897E}.Debug|Any CPU.ActiveCfg = Debug|Any CPU
		{1A215119-B96A-48F1-A8AF-0016649C897E}.Debug|Any CPU.Build.0 = Debug|Any CPU
		{1A215119-B96A-48F1-A8AF-0016649C897E}.Release|Any CPU.ActiveCfg = Release|Any CPU
		{1A215119-B96A-48F1-A8AF-0016649C897E}.Release|Any CPU.Build.0 = Release|Any CPU
		{E2809BCE-6752-48BD-81A4-D65F2BE8F289}.Debug|Any CPU.ActiveCfg = Debug|Any CPU
		{E2809BCE-6752-48BD-81A4-D65F2BE8F289}.Debug|Any CPU.Build.0 = Debug|Any CPU
		{E2809BCE-6752-48BD-81A4-D65F2BE8F289}.Release|Any CPU.ActiveCfg = Release|Any CPU
		{E2809BCE-6752-48BD-81A4-D65F2BE8F289}.Release|Any CPU.Build.0 = Release|Any CPU
		{875C6086-BA5B-4A19-AC64-5F7996682A17}.Debug|Any CPU.ActiveCfg = Debug|Any CPU
		{875C6086-BA5B-4A19-AC64-5F7996682A17}.Debug|Any CPU.Build.0 = Debug|Any CPU
		{875C6086-BA5B-4A19-AC64-5F7996682A17}.Release|Any CPU.ActiveCfg = Release|Any CPU
		{875C6086-BA5B-4A19-AC64-5F7996682A17}.Release|Any CPU.Build.0 = Release|Any CPU
		{F2D1A3B5-94AD-4653-ACEF-BCA3A54C3CF8}.Debug|Any CPU.ActiveCfg = Debug|Any CPU
		{F2D1A3B5-94AD-4653-ACEF-BCA3A54C3CF8}.Debug|Any CPU.Build.0 = Debug|Any CPU
		{F2D1A3B5-94AD-4653-ACEF-BCA3A54C3CF8}.Release|Any CPU.ActiveCfg = Release|Any CPU
		{F2D1A3B5-94AD-4653-ACEF-BCA3A54C3CF8}.Release|Any CPU.Build.0 = Release|Any CPU
	EndGlobalSection
	GlobalSection(SolutionProperties) = preSolution
		HideSolutionNode = FALSE
	EndGlobalSection
	GlobalSection(NestedProjects) = preSolution
		{FFFD4998-8638-4531-B1AB-FDD7F9803F17} = {FE43E4AA-8C39-4EC4-9675-F1C6E97A265B}
		{1A215119-B96A-48F1-A8AF-0016649C897E} = {FFFD4998-8638-4531-B1AB-FDD7F9803F17}
		{E2809BCE-6752-48BD-81A4-D65F2BE8F289} = {FFFD4998-8638-4531-B1AB-FDD7F9803F17}
		{875C6086-BA5B-4A19-AC64-5F7996682A17} = {FFFD4998-8638-4531-B1AB-FDD7F9803F17}
		{C4889F60-AE75-495C-AAB0-4DC5B1C01955} = {FE43E4AA-8C39-4EC4-9675-F1C6E97A265B}
		{F2D1A3B5-94AD-4653-ACEF-BCA3A54C3CF8} = {C4889F60-AE75-495C-AAB0-4DC5B1C01955}
	EndGlobalSection
	GlobalSection(ExtensibilityGlobals) = postSolution
		SolutionGuid = {F27FE7CC-78B1-4B4B-B09E-AD1F9304B9DF}
	EndGlobalSection
EndGlobal
